{
  "name": "bs-luxon",
  "version": "0.1.0",
  "lockfileVersion": 1,
  "requires": true,
  "dependencies": {
    "bs-platform": {
      "version": "2.1.0",
      "resolved": "https://registry.npmjs.org/bs-platform/-/bs-platform-2.1.0.tgz",
      "integrity": "sha1-Y1YP+PcULJwGMVWd8cNVkLn22LI=",
      "dev": true
    },
    "full-icu": {
      "version": "1.2.0",
      "resolved": "https://registry.npmjs.org/full-icu/-/full-icu-1.2.0.tgz",
      "integrity": "sha512-0B/oH/5WnTM0grN0/F91WN1zdLx+IKH0uOlAqj6DWhRQTGFCj645elI46fKykRSWeafPrIOIRzAL7co1Vku5pQ=="
    },
    "luxon": {
      "version": "0.4.0",
      "resolved": "https://registry.npmjs.org/luxon/-/luxon-0.4.0.tgz",
      "integrity": "sha512-UbooNzkpIhrs87XwTd/IZfH/LfL1spRlt8cjWRsbBE7nHed7gPniAPaTLQwbCFEwTdaM7EBC9GPuH1YLRgJXBA==",
      "requires": {
        "full-icu": "1.2.0"
      }
    }
  }
}
